
Microsoft Visual Studio Solution File, Format Version 12.00
# Visual Studio Version 17
VisualStudioVersion = 17.9.34701.34
MinimumVisualStudioVersion = 10.0.40219.1
Project("{FAE04EC0-301F-11D3-BF4B-00C04F79EFBC}") = "ProductManager-MiniProject2", "ProductManager-MiniProject2\ProductManager-MiniProject2.csproj", "{8E899415-D05A-46F9-B096-E3D1680E2276}"
EndProject
Global
	GlobalSection(SolutionConfigurationPlatforms) = preSolution
		Debug|Any CPU = Debug|Any CPU
		Release|Any CPU = Release|Any CPU
	EndGlobalSection
	GlobalSection(ProjectConfigurationPlatforms) = postSolution
		{8E899415-D05A-46F9-B096-E3D1680E2276}.Debug|Any CPU.ActiveCfg = Debug|Any CPU
		{8E899415-D05A-46F9-B096-E3D1680E2276}.Debug|Any CPU.Build.0 = Debug|Any CPU
		{8E899415-D05A-46F9-B096-E3D1680E2276}.Release|Any CPU.ActiveCfg = Release|Any CPU
		{8E899415-D05A-46F9-B096-E3D1680E2276}.Release|Any CPU.Build.0 = Release|Any CPU
	EndGlobalSection
	GlobalSection(SolutionProperties) = preSolution
		HideSolutionNode = FALSE
	EndGlobalSection
	GlobalSection(ExtensibilityGlobals) = postSolution
		SolutionGuid = {980FC763-AE74-4162-96F0-AFEE369DF616}
	EndGlobalSection
EndGlobal
